// !$*UTF8*$!
{
	archiveVersion = 1;
	classes = {
	};
	objectVersion = 46;
	objects = {

/* Begin PBXAggregateTarget section */
		965DA3291A304EDAB526127C /* ZERO_CHECK */ = {
			isa = PBXAggregateTarget;
			buildConfigurationList = 2C4B51CB21324371BCD83AA5 /* Build configuration list for PBXAggregateTarget "ZERO_CHECK" */;
			buildPhases = (
				CDEC9CF554A51F2FD5290DAE /* Generate CMakeFiles/ZERO_CHECK */,
			);
			dependencies = (
			);
			name = ZERO_CHECK;
			productName = ZERO_CHECK;
		};
		E0E52ED8EBBA4EE39004D658 /* ALL_BUILD */ = {
			isa = PBXAggregateTarget;
			buildConfigurationList = 2B78081A31AD4132A3986385 /* Build configuration list for PBXAggregateTarget "ALL_BUILD" */;
			buildPhases = (
				94AA7E9886901DBD65B84FA9 /* Generate CMakeFiles/ALL_BUILD */,
			);
			dependencies = (
				F340D2C7F8F746B1AA0F9E62 /* PBXTargetDependency */,
				69A605CE0361471C861EFDCB /* PBXTargetDependency */,
			);
			name = ALL_BUILD;
			productName = ALL_BUILD;
		};
/* End PBXAggregateTarget section */

/* Begin PBXBuildFile section */
		03B3CEF053D047A592F7CF87 /* /Users/bianchenyu/C++/LearnVulkan/LearnVulkan_3/LearnVulkan_3/main.cpp */ = {isa = PBXBuildFile; fileRef = BEAE1F08D5FF40B3ABBEC819 /* /Users/bianchenyu/C++/LearnVulkan/LearnVulkan_3/LearnVulkan_3/main.cpp */; };
		C0558EFE0A7046AD8F37107E /* /Users/bianchenyu/C++/LearnVulkan/LearnVulkan_3/CMakeLists.txt */ = {isa = PBXBuildFile; fileRef = CCCAE3A731624C51A63C0A39 /* /Users/bianchenyu/C++/LearnVulkan/LearnVulkan_3/CMakeLists.txt */; };
/* End PBXBuildFile section */

/* Begin PBXBuildStyle section */
		093CDD2FF5554C01BFEC687D /* RelWithDebInfo */ = {
			isa = PBXBuildStyle;
			buildSettings = {
				COPY_PHASE_STRIP = NO;
			};
			name = RelWithDebInfo;
		};
		AF0D59CCC5FF457DA37244EE /* Release */ = {
			isa = PBXBuildStyle;
			buildSettings = {
				COPY_PHASE_STRIP = NO;
			};
			name = Release;
		};
		B25621963FCC424BA1F3913A /* MinSizeRel */ = {
			isa = PBXBuildStyle;
			buildSettings = {
				COPY_PHASE_STRIP = NO;
			};
			name = MinSizeRel;
		};
		BA1A4D59963C48C3B8CAA93B /* Debug */ = {
			isa = PBXBuildStyle;
			buildSettings = {
				COPY_PHASE_STRIP = NO;
			};
			name = Debug;
		};
/* End PBXBuildStyle section */

/* Begin PBXContainerItemProxy section */
		09445BA4916049A18AE772CE /* PBXContainerItemProxy */ = {
			isa = PBXContainerItemProxy;
			containerPortal = 1B7CFA5400D1469988CC3986 /* Project object */;
			proxyType = 1;
			remoteGlobalIDString = 965DA3291A304EDAB526127C;
			remoteInfo = ZERO_CHECK;
		};
		A09172078EAC4AC98E48235D /* PBXContainerItemProxy */ = {
			isa = PBXContainerItemProxy;
			containerPortal = 1B7CFA5400D1469988CC3986 /* Project object */;
			proxyType = 1;
			remoteGlobalIDString = 6111B3EBA30C4E4DABBEE83C;
			remoteInfo = LearnVulkan_3;
		};
		CD26DF29B16944F18593A017 /* PBXContainerItemProxy */ = {
			isa = PBXContainerItemProxy;
			containerPortal = 1B7CFA5400D1469988CC3986 /* Project object */;
			proxyType = 1;
			remoteGlobalIDString = 965DA3291A304EDAB526127C;
			remoteInfo = ZERO_CHECK;
		};
/* End PBXContainerItemProxy section */

/* Begin PBXFileReference section */
		54E16C8E861144A5BF1A5672 /* /Users/bianchenyu/C++/LearnVulkan/LearnVulkan_3/CMakeLists.txt */ = {isa = PBXFileReference; explicitFileType = sourcecode.text; fileEncoding = 4; name = CMakeLists.txt; path = CMakeLists.txt; sourceTree = SOURCE_ROOT; };
		714AB537DB3546F0862CC947 /* LearnVulkan_3 */ = {isa = PBXFileReference; explicitFileType = "compiled.mach-o.executable"; path = LearnVulkan_3; sourceTree = BUILT_PRODUCTS_DIR; };
		BEAE1F08D5FF40B3ABBEC819 /* /Users/bianchenyu/C++/LearnVulkan/LearnVulkan_3/LearnVulkan_3/main.cpp */ = {isa = PBXFileReference; explicitFileType = sourcecode.cpp.cpp; fileEncoding = 4; name = main.cpp; path = LearnVulkan_3/main.cpp; sourceTree = SOURCE_ROOT; };
		CCCAE3A731624C51A63C0A39 /* /Users/bianchenyu/C++/LearnVulkan/LearnVulkan_3/CMakeLists.txt */ = {isa = PBXFileReference; explicitFileType = sourcecode.text; fileEncoding = 4; name = CMakeLists.txt; path = CMakeLists.txt; sourceTree = SOURCE_ROOT; };
/* End PBXFileReference section */

/* Begin PBXFrameworksBuildPhase section */
		FF8B9397CDF74177A38288FC /* Frameworks */ = {
			isa = PBXFrameworksBuildPhase;
			buildActionMask = 2147483647;
			files = (
			);
			runOnlyForDeploymentPostprocessing = 0;
		};
/* End PBXFrameworksBuildPhase section */

/* Begin PBXGroup section */
		1A41BD2D4A31448EA53D66EA /* Source Files */ = {
			isa = PBXGroup;
			children = (
				BEAE1F08D5FF40B3ABBEC819 /* /Users/bianchenyu/C++/LearnVulkan/LearnVulkan_3/LearnVulkan_3/main.cpp */,
			);
			name = "Source Files";
			sourceTree = "<group>";
		};
		22A29A79C82D44A197232E11 /* Products */ = {
			isa = PBXGroup;
			children = (
				714AB537DB3546F0862CC947 /* LearnVulkan_3 */,
			);
			name = Products;
			sourceTree = "<group>";
		};
		2A090F438CC8417D8DF7CD01 /* Frameworks */ = {
			isa = PBXGroup;
			children = (
			);
			name = Frameworks;
			sourceTree = "<group>";
		};
		55E4A285DD454661A49FF3C0 /* ALL_BUILD */ = {
			isa = PBXGroup;
			children = (
				A9D9486D2D9944258337D2B1 /* CMake Rules */,
				54E16C8E861144A5BF1A5672 /* /Users/bianchenyu/C++/LearnVulkan/LearnVulkan_3/CMakeLists.txt */,
			);
			name = ALL_BUILD;
			sourceTree = "<group>";
		};
		970295E18DDA47C9BD19410A /* LearnVulkan_3 */ = {
			isa = PBXGroup;
			children = (
				1A41BD2D4A31448EA53D66EA /* Source Files */,
				CCCAE3A731624C51A63C0A39 /* /Users/bianchenyu/C++/LearnVulkan/LearnVulkan_3/CMakeLists.txt */,
			);
			name = LearnVulkan_3;
			sourceTree = "<group>";
		};
		9AB1CA53C2C64F9D9308DDC8 = {
			isa = PBXGroup;
			children = (
				970295E18DDA47C9BD19410A /* LearnVulkan_3 */,
				55E4A285DD454661A49FF3C0 /* ALL_BUILD */,
				22A29A79C82D44A197232E11 /* Products */,
				2A090F438CC8417D8DF7CD01 /* Frameworks */,
			);
			sourceTree = "<group>";
		};
		A9D9486D2D9944258337D2B1 /* CMake Rules */ = {
			isa = PBXGroup;
			children = (
			);
			name = "CMake Rules";
			sourceTree = "<group>";
		};
/* End PBXGroup section */

/* Begin PBXNativeTarget section */
		6111B3EBA30C4E4DABBEE83C /* LearnVulkan_3 */ = {
			isa = PBXNativeTarget;
			buildConfigurationList = 6F6D230DAF2942A3A830E8B0 /* Build configuration list for PBXNativeTarget "LearnVulkan_3" */;
			buildPhases = (
				11335FA166F94DB6A6155C41 /* Sources */,
				FF8B9397CDF74177A38288FC /* Frameworks */,
			);
			buildRules = (
			);
			dependencies = (
				8C9E300ED1324E218679DAC8 /* PBXTargetDependency */,
			);
			name = LearnVulkan_3;
			productName = LearnVulkan_3;
			productReference = 714AB537DB3546F0862CC947 /* LearnVulkan_3 */;
			productType = "com.apple.product-type.tool";
		};
/* End PBXNativeTarget section */

/* Begin PBXProject section */
		1B7CFA5400D1469988CC3986 /* Project object */ = {
			isa = PBXProject;
			attributes = {
				BuildIndependentTargetsInParallel = YES;
				LastUpgradeCheck = 1530;
			};
			buildConfigurationList = E9F7DDDD55464A9786E27D02 /* Build configuration list for PBXProject "LearnVulkan_3" */;
			buildSettings = {
			};
			buildStyles = (
				BA1A4D59963C48C3B8CAA93B /* Debug */,
				AF0D59CCC5FF457DA37244EE /* Release */,
				B25621963FCC424BA1F3913A /* MinSizeRel */,
				093CDD2FF5554C01BFEC687D /* RelWithDebInfo */,
			);
			compatibilityVersion = "Xcode 3.2";
			hasScannedForEncodings = 0;
			mainGroup = 9AB1CA53C2C64F9D9308DDC8;
			projectDirPath = .;
			projectRoot = "";
			targets = (
				E0E52ED8EBBA4EE39004D658 /* ALL_BUILD */,
				6111B3EBA30C4E4DABBEE83C /* LearnVulkan_3 */,
				965DA3291A304EDAB526127C /* ZERO_CHECK */,
			);
		};
/* End PBXProject section */

/* Begin PBXShellScriptBuildPhase section */
		3C0110FC8322DE7E50886E21 = {
			isa = PBXShellScriptBuildPhase;
			buildActionMask = 2147483647;
			files = (
			);
			inputPaths = (
			);
			outputPaths = (
			);
			runOnlyForDeploymentPostprocessing = 0;
			shellPath = /bin/sh;
			shellScript = "# shell script goes here
exit 0";
			showEnvVarsInLog = 0;
		};
		94AA7E9886901DBD65B84FA9 /* Generate CMakeFiles/ALL_BUILD */ = {
			isa = PBXShellScriptBuildPhase;
			alwaysOutOfDate = 1;
			buildActionMask = 2147483647;
			files = (
			);
			inputPaths = (
			);
			name = "Generate CMakeFiles/ALL_BUILD";
			outputPaths = (
"/Users/bianchenyu/C++/LearnVulkan/LearnVulkan_3/CMakeFiles/ALL_BUILD"			);
			runOnlyForDeploymentPostprocessing = 0;
			shellPath = /bin/sh;
			shellScript = "set -e
if test \"$CONFIGURATION\" = \"Debug\"; then :
  cd /Users/bianchenyu/C++/LearnVulkan/LearnVulkan_3
  echo Build\\ all\\ projects
fi
if test \"$CONFIGURATION\" = \"Release\"; then :
  cd /Users/bianchenyu/C++/LearnVulkan/LearnVulkan_3
  echo Build\\ all\\ projects
fi
if test \"$CONFIGURATION\" = \"MinSizeRel\"; then :
  cd /Users/bianchenyu/C++/LearnVulkan/LearnVulkan_3
  echo Build\\ all\\ projects
fi
if test \"$CONFIGURATION\" = \"RelWithDebInfo\"; then :
  cd /Users/bianchenyu/C++/LearnVulkan/LearnVulkan_3
  echo Build\\ all\\ projects
fi
";
			showEnvVarsInLog = 0;
		};
		9B50530E35CC49C82C2FACCF = {
			isa = PBXShellScriptBuildPhase;
			buildActionMask = 2147483647;
			files = (
			);
			inputPaths = (
			);
			outputPaths = (
			);
			runOnlyForDeploymentPostprocessing = 0;
			shellPath = /bin/sh;
			shellScript = "# shell script goes here
exit 0";
			showEnvVarsInLog = 0;
		};
		CDEC9CF554A51F2FD5290DAE /* Generate CMakeFiles/ZERO_CHECK */ = {
			isa = PBXShellScriptBuildPhase;
			alwaysOutOfDate = 1;
			buildActionMask = 2147483647;
			files = (
			);
			inputPaths = (
			);
			name = "Generate CMakeFiles/ZERO_CHECK";
			outputPaths = (
"/Users/bianchenyu/C++/LearnVulkan/LearnVulkan_3/CMakeFiles/ZERO_CHECK"			);
			runOnlyForDeploymentPostprocessing = 0;
			shellPath = /bin/sh;
			shellScript = "set -e
if test \"$CONFIGURATION\" = \"Debug\"; then :
  cd /Users/bianchenyu/C++/LearnVulkan/LearnVulkan_3
  make -f /Users/bianchenyu/C++/LearnVulkan/LearnVulkan_3/CMakeScripts/ReRunCMake.make
fi
if test \"$CONFIGURATION\" = \"Release\"; then :
  cd /Users/bianchenyu/C++/LearnVulkan/LearnVulkan_3
  make -f /Users/bianchenyu/C++/LearnVulkan/LearnVulkan_3/CMakeScripts/ReRunCMake.make
fi
if test \"$CONFIGURATION\" = \"MinSizeRel\"; then :
  cd /Users/bianchenyu/C++/LearnVulkan/LearnVulkan_3
  make -f /Users/bianchenyu/C++/LearnVulkan/LearnVulkan_3/CMakeScripts/ReRunCMake.make
fi
if test \"$CONFIGURATION\" = \"RelWithDebInfo\"; then :
  cd /Users/bianchenyu/C++/LearnVulkan/LearnVulkan_3
  make -f /Users/bianchenyu/C++/LearnVulkan/LearnVulkan_3/CMakeScripts/ReRunCMake.make
fi
";
			showEnvVarsInLog = 0;
		};
/* End PBXShellScriptBuildPhase section */

/* Begin PBXSourcesBuildPhase section */
		11335FA166F94DB6A6155C41 /* Sources */ = {
			isa = PBXSourcesBuildPhase;
			buildActionMask = 2147483647;
			files = (
				03B3CEF053D047A592F7CF87 /* /Users/bianchenyu/C++/LearnVulkan/LearnVulkan_3/LearnVulkan_3/main.cpp */,
			);
			runOnlyForDeploymentPostprocessing = 0;
		};
/* End PBXSourcesBuildPhase section */

/* Begin PBXTargetDependency section */
		69A605CE0361471C861EFDCB /* PBXTargetDependency */ = {
			isa = PBXTargetDependency;
			target = 965DA3291A304EDAB526127C /* ZERO_CHECK */;
			targetProxy = CD26DF29B16944F18593A017 /* PBXContainerItemProxy */;
		};
		8C9E300ED1324E218679DAC8 /* PBXTargetDependency */ = {
			isa = PBXTargetDependency;
			target = 965DA3291A304EDAB526127C /* ZERO_CHECK */;
			targetProxy = 09445BA4916049A18AE772CE /* PBXContainerItemProxy */;
		};
		F340D2C7F8F746B1AA0F9E62 /* PBXTargetDependency */ = {
			isa = PBXTargetDependency;
			target = 6111B3EBA30C4E4DABBEE83C /* LearnVulkan_3 */;
			targetProxy = A09172078EAC4AC98E48235D /* PBXContainerItemProxy */;
		};
/* End PBXTargetDependency section */

/* Begin XCBuildConfiguration section */
		234E94E02F9B48E2854E0E9C /* Debug */ = {
			isa = XCBuildConfiguration;
			buildSettings = {
				ARCHS = arm64;
				ONLY_ACTIVE_ARCH = NO;
				SDKROOT = /Applications/Xcode.app/Contents/Developer/Platforms/MacOSX.platform/Developer/SDKs/MacOSX14.4.sdk;
				SYMROOT = "/Users/bianchenyu/C++/LearnVulkan/LearnVulkan_3/build";
			};
			name = Debug;
		};
		2D758067143048B3A17F7E73 /* MinSizeRel */ = {
			isa = XCBuildConfiguration;
			buildSettings = {
				ARCHS = arm64;
				COMBINE_HIDPI_IMAGES = YES;
				GCC_GENERATE_DEBUGGING_SYMBOLS = YES;
				GCC_INLINES_ARE_PRIVATE_EXTERN = NO;
				GCC_OPTIMIZATION_LEVEL = 0;
				GCC_PREPROCESSOR_DEFINITIONS = ("'CMAKE_INTDIR=\"$(CONFIGURATION)$(EFFECTIVE_PLATFORM_NAME)\"'","$(inherited)");
				GCC_SYMBOLS_PRIVATE_EXTERN = NO;
				INSTALL_PATH = "";
				ONLY_ACTIVE_ARCH = NO;
				OTHER_LDFLAGS = ("","$(inherited)");
				OTHER_REZFLAGS = "";
				PRODUCT_NAME = ALL_BUILD;
				SECTORDER_FLAGS = "";
				USE_HEADERMAP = NO;
				WARNING_CFLAGS = ("$(inherited)");
			};
			name = MinSizeRel;
		};
		4F569E6E6BAE46888C58F6D0 /* RelWithDebInfo */ = {
			isa = XCBuildConfiguration;
			buildSettings = {
				ARCHS = arm64;
				COMBINE_HIDPI_IMAGES = YES;
				CONFIGURATION_BUILD_DIR = "/Users/bianchenyu/C++/LearnVulkan/LearnVulkan_3/RelWithDebInfo";
				EXECUTABLE_PREFIX = "";
				EXECUTABLE_SUFFIX = "";
				GCC_GENERATE_DEBUGGING_SYMBOLS = YES;
				GCC_INLINES_ARE_PRIVATE_EXTERN = NO;
				GCC_OPTIMIZATION_LEVEL = 2;
				GCC_PREPROCESSOR_DEFINITIONS = ("'CMAKE_INTDIR=\"$(CONFIGURATION)$(EFFECTIVE_PLATFORM_NAME)\"'","$(inherited)");
				GCC_SYMBOLS_PRIVATE_EXTERN = NO;
				HEADER_SEARCH_PATHS = (/usr/local/include,/opt/homebrew/Cellar/glm/0.9.9.8/include/glm,/opt/homebrew/Cellar/glfw/3.3.8/include/GLFW,"$(inherited)");
				INSTALL_PATH = "";
				LD_RUNPATH_SEARCH_PATHS = (/usr/local/lib,"$(inherited)");
				ONLY_ACTIVE_ARCH = NO;
				OTHER_CPLUSPLUSFLAGS = "       -DNDEBUG '-std=gnu++20' ";
				OTHER_LDFLAGS = (" -Wl,-search_paths_first -Wl,-headerpad_max_install_names",/usr/local/lib/libvulkan.dylib,/usr/local/lib/libMoltenVK.dylib,/opt/homebrew/Cellar/glfw/3.3.8/lib/libglfw.dylib,"$(inherited)");
				OTHER_REZFLAGS = "";
				PRODUCT_NAME = LearnVulkan_3;
				SECTORDER_FLAGS = "";
				TARGET_TEMP_DIR = "/Users/bianchenyu/C++/LearnVulkan/LearnVulkan_3/build/LearnVulkan_3.build/$(CONFIGURATION)$(EFFECTIVE_PLATFORM_NAME)";
				USE_HEADERMAP = NO;
				WARNING_CFLAGS = ("$(inherited)");
			};
			name = RelWithDebInfo;
		};
		77027AA601264AFDA54B5BD4 /* Debug */ = {
			isa = XCBuildConfiguration;
			buildSettings = {
				ARCHS = arm64;
				COMBINE_HIDPI_IMAGES = YES;
				GCC_GENERATE_DEBUGGING_SYMBOLS = YES;
				GCC_INLINES_ARE_PRIVATE_EXTERN = NO;
				GCC_OPTIMIZATION_LEVEL = 0;
				GCC_PREPROCESSOR_DEFINITIONS = ("'CMAKE_INTDIR=\"$(CONFIGURATION)$(EFFECTIVE_PLATFORM_NAME)\"'","$(inherited)");
				GCC_SYMBOLS_PRIVATE_EXTERN = NO;
				INSTALL_PATH = "";
				ONLY_ACTIVE_ARCH = NO;
				OTHER_LDFLAGS = ("","$(inherited)");
				OTHER_REZFLAGS = "";
				PRODUCT_NAME = ZERO_CHECK;
				SECTORDER_FLAGS = "";
				USE_HEADERMAP = NO;
				WARNING_CFLAGS = ("$(inherited)");
			};
			name = Debug;
		};
		779E1A070D714AEF8626D414 /* Release */ = {
			isa = XCBuildConfiguration;
			buildSettings = {
				ARCHS = arm64;
				COMBINE_HIDPI_IMAGES = YES;
				GCC_GENERATE_DEBUGGING_SYMBOLS = YES;
				GCC_INLINES_ARE_PRIVATE_EXTERN = NO;
				GCC_OPTIMIZATION_LEVEL = 0;
				GCC_PREPROCESSOR_DEFINITIONS = ("'CMAKE_INTDIR=\"$(CONFIGURATION)$(EFFECTIVE_PLATFORM_NAME)\"'","$(inherited)");
				GCC_SYMBOLS_PRIVATE_EXTERN = NO;
				INSTALL_PATH = "";
				ONLY_ACTIVE_ARCH = NO;
				OTHER_LDFLAGS = ("","$(inherited)");
				OTHER_REZFLAGS = "";
				PRODUCT_NAME = ZERO_CHECK;
				SECTORDER_FLAGS = "";
				USE_HEADERMAP = NO;
				WARNING_CFLAGS = ("$(inherited)");
			};
			name = Release;
		};
		78F01B5E6CA945B9BF7FB337 /* RelWithDebInfo */ = {
			isa = XCBuildConfiguration;
			buildSettings = {
				ARCHS = arm64;
				COMBINE_HIDPI_IMAGES = YES;
				GCC_GENERATE_DEBUGGING_SYMBOLS = YES;
				GCC_INLINES_ARE_PRIVATE_EXTERN = NO;
				GCC_OPTIMIZATION_LEVEL = 0;
				GCC_PREPROCESSOR_DEFINITIONS = ("'CMAKE_INTDIR=\"$(CONFIGURATION)$(EFFECTIVE_PLATFORM_NAME)\"'","$(inherited)");
				GCC_SYMBOLS_PRIVATE_EXTERN = NO;
				INSTALL_PATH = "";
				ONLY_ACTIVE_ARCH = NO;
				OTHER_LDFLAGS = ("","$(inherited)");
				OTHER_REZFLAGS = "";
				PRODUCT_NAME = ALL_BUILD;
				SECTORDER_FLAGS = "";
				USE_HEADERMAP = NO;
				WARNING_CFLAGS = ("$(inherited)");
			};
			name = RelWithDebInfo;
		};
		804B9B8E86E64130B01BEF39 /* Debug */ = {
			isa = XCBuildConfiguration;
			buildSettings = {
				ARCHS = arm64;
				COMBINE_HIDPI_IMAGES = YES;
				CONFIGURATION_BUILD_DIR = "/Users/bianchenyu/C++/LearnVulkan/LearnVulkan_3/Debug";
				EXECUTABLE_PREFIX = "";
				EXECUTABLE_SUFFIX = "";
				GCC_GENERATE_DEBUGGING_SYMBOLS = YES;
				GCC_INLINES_ARE_PRIVATE_EXTERN = NO;
				GCC_OPTIMIZATION_LEVEL = 0;
				GCC_PREPROCESSOR_DEFINITIONS = ("'CMAKE_INTDIR=\"$(CONFIGURATION)$(EFFECTIVE_PLATFORM_NAME)\"'","$(inherited)");
				GCC_SYMBOLS_PRIVATE_EXTERN = NO;
				HEADER_SEARCH_PATHS = (/usr/local/include,/opt/homebrew/Cellar/glm/0.9.9.8/include/glm,/opt/homebrew/Cellar/glfw/3.3.8/include/GLFW,"$(inherited)");
				INSTALL_PATH = "";
				LD_RUNPATH_SEARCH_PATHS = (/usr/local/lib,"$(inherited)");
				ONLY_ACTIVE_ARCH = NO;
				OTHER_CPLUSPLUSFLAGS = "   '-std=gnu++20' ";
				OTHER_LDFLAGS = (" -Wl,-search_paths_first -Wl,-headerpad_max_install_names",/usr/local/lib/libvulkan.dylib,/usr/local/lib/libMoltenVK.dylib,/opt/homebrew/Cellar/glfw/3.3.8/lib/libglfw.dylib,"$(inherited)");
				OTHER_REZFLAGS = "";
				PRODUCT_NAME = LearnVulkan_3;
				SECTORDER_FLAGS = "";
				TARGET_TEMP_DIR = "/Users/bianchenyu/C++/LearnVulkan/LearnVulkan_3/build/LearnVulkan_3.build/$(CONFIGURATION)$(EFFECTIVE_PLATFORM_NAME)";
				USE_HEADERMAP = NO;
				WARNING_CFLAGS = ("$(inherited)");
			};
			name = Debug;
		};
		843B881DE7EC4F28BBCC08AC /* RelWithDebInfo */ = {
			isa = XCBuildConfiguration;
			buildSettings = {
				ARCHS = arm64;
				COMBINE_HIDPI_IMAGES = YES;
				GCC_GENERATE_DEBUGGING_SYMBOLS = YES;
				GCC_INLINES_ARE_PRIVATE_EXTERN = NO;
				GCC_OPTIMIZATION_LEVEL = 0;
				GCC_PREPROCESSOR_DEFINITIONS = ("'CMAKE_INTDIR=\"$(CONFIGURATION)$(EFFECTIVE_PLATFORM_NAME)\"'","$(inherited)");
				GCC_SYMBOLS_PRIVATE_EXTERN = NO;
				INSTALL_PATH = "";
				ONLY_ACTIVE_ARCH = NO;
				OTHER_LDFLAGS = ("","$(inherited)");
				OTHER_REZFLAGS = "";
				PRODUCT_NAME = ZERO_CHECK;
				SECTORDER_FLAGS = "";
				USE_HEADERMAP = NO;
				WARNING_CFLAGS = ("$(inherited)");
			};
			name = RelWithDebInfo;
		};
		8B0D1862FF8A42FDB6B7E2C7 /* Release */ = {
			isa = XCBuildConfiguration;
			buildSettings = {
				ARCHS = arm64;
				COMBINE_HIDPI_IMAGES = YES;
				CONFIGURATION_BUILD_DIR = "/Users/bianchenyu/C++/LearnVulkan/LearnVulkan_3/Release";
				EXECUTABLE_PREFIX = "";
				EXECUTABLE_SUFFIX = "";
				GCC_GENERATE_DEBUGGING_SYMBOLS = NO;
				GCC_INLINES_ARE_PRIVATE_EXTERN = NO;
				GCC_OPTIMIZATION_LEVEL = 3;
				GCC_PREPROCESSOR_DEFINITIONS = ("'CMAKE_INTDIR=\"$(CONFIGURATION)$(EFFECTIVE_PLATFORM_NAME)\"'","$(inherited)");
				GCC_SYMBOLS_PRIVATE_EXTERN = NO;
				HEADER_SEARCH_PATHS = (/usr/local/include,/opt/homebrew/Cellar/glm/0.9.9.8/include/glm,/opt/homebrew/Cellar/glfw/3.3.8/include/GLFW,"$(inherited)");
				INSTALL_PATH = "";
				LD_RUNPATH_SEARCH_PATHS = (/usr/local/lib,"$(inherited)");
				ONLY_ACTIVE_ARCH = NO;
				OTHER_CPLUSPLUSFLAGS = "    -DNDEBUG '-std=gnu++20' ";
				OTHER_LDFLAGS = (" -Wl,-search_paths_first -Wl,-headerpad_max_install_names",/usr/local/lib/libvulkan.dylib,/usr/local/lib/libMoltenVK.dylib,/opt/homebrew/Cellar/glfw/3.3.8/lib/libglfw.dylib,"$(inherited)");
				OTHER_REZFLAGS = "";
				PRODUCT_NAME = LearnVulkan_3;
				SECTORDER_FLAGS = "";
				TARGET_TEMP_DIR = "/Users/bianchenyu/C++/LearnVulkan/LearnVulkan_3/build/LearnVulkan_3.build/$(CONFIGURATION)$(EFFECTIVE_PLATFORM_NAME)";
				USE_HEADERMAP = NO;
				WARNING_CFLAGS = ("$(inherited)");
			};
			name = Release;
		};
		9798D924F93A4C0EBCE5F3CF /* MinSizeRel */ = {
			isa = XCBuildConfiguration;
			buildSettings = {
				ARCHS = arm64;
				COMBINE_HIDPI_IMAGES = YES;
				GCC_GENERATE_DEBUGGING_SYMBOLS = YES;
				GCC_INLINES_ARE_PRIVATE_EXTERN = NO;
				GCC_OPTIMIZATION_LEVEL = 0;
				GCC_PREPROCESSOR_DEFINITIONS = ("'CMAKE_INTDIR=\"$(CONFIGURATION)$(EFFECTIVE_PLATFORM_NAME)\"'","$(inherited)");
				GCC_SYMBOLS_PRIVATE_EXTERN = NO;
				INSTALL_PATH = "";
				ONLY_ACTIVE_ARCH = NO;
				OTHER_LDFLAGS = ("","$(inherited)");
				OTHER_REZFLAGS = "";
				PRODUCT_NAME = ZERO_CHECK;
				SECTORDER_FLAGS = "";
				USE_HEADERMAP = NO;
				WARNING_CFLAGS = ("$(inherited)");
			};
			name = MinSizeRel;
		};
		A958B20AC5684C0EBFBCC700 /* Release */ = {
			isa = XCBuildConfiguration;
			buildSettings = {
				ARCHS = arm64;
				COMBINE_HIDPI_IMAGES = YES;
				GCC_GENERATE_DEBUGGING_SYMBOLS = YES;
				GCC_INLINES_ARE_PRIVATE_EXTERN = NO;
				GCC_OPTIMIZATION_LEVEL = 0;
				GCC_PREPROCESSOR_DEFINITIONS = ("'CMAKE_INTDIR=\"$(CONFIGURATION)$(EFFECTIVE_PLATFORM_NAME)\"'","$(inherited)");
				GCC_SYMBOLS_PRIVATE_EXTERN = NO;
				INSTALL_PATH = "";
				ONLY_ACTIVE_ARCH = NO;
				OTHER_LDFLAGS = ("","$(inherited)");
				OTHER_REZFLAGS = "";
				PRODUCT_NAME = ALL_BUILD;
				SECTORDER_FLAGS = "";
				USE_HEADERMAP = NO;
				WARNING_CFLAGS = ("$(inherited)");
			};
			name = Release;
		};
		C7D58FD65DBD49E1A4EEDA9B /* Release */ = {
			isa = XCBuildConfiguration;
			buildSettings = {
				ARCHS = arm64;
				ONLY_ACTIVE_ARCH = NO;
				SDKROOT = /Applications/Xcode.app/Contents/Developer/Platforms/MacOSX.platform/Developer/SDKs/MacOSX14.4.sdk;
				SYMROOT = "/Users/bianchenyu/C++/LearnVulkan/LearnVulkan_3/build";
			};
			name = Release;
		};
		C8E9B3895E754F4F801A948D /* MinSizeRel */ = {
			isa = XCBuildConfiguration;
			buildSettings = {
				ARCHS = arm64;
				COMBINE_HIDPI_IMAGES = YES;
				CONFIGURATION_BUILD_DIR = "/Users/bianchenyu/C++/LearnVulkan/LearnVulkan_3/MinSizeRel";
				EXECUTABLE_PREFIX = "";
				EXECUTABLE_SUFFIX = "";
				GCC_GENERATE_DEBUGGING_SYMBOLS = NO;
				GCC_INLINES_ARE_PRIVATE_EXTERN = NO;
				GCC_OPTIMIZATION_LEVEL = s;
				GCC_PREPROCESSOR_DEFINITIONS = ("'CMAKE_INTDIR=\"$(CONFIGURATION)$(EFFECTIVE_PLATFORM_NAME)\"'","$(inherited)");
				GCC_SYMBOLS_PRIVATE_EXTERN = NO;
				HEADER_SEARCH_PATHS = (/usr/local/include,/opt/homebrew/Cellar/glm/0.9.9.8/include/glm,/opt/homebrew/Cellar/glfw/3.3.8/include/GLFW,"$(inherited)");
				INSTALL_PATH = "";
				LD_RUNPATH_SEARCH_PATHS = (/usr/local/lib,"$(inherited)");
				ONLY_ACTIVE_ARCH = NO;
				OTHER_CPLUSPLUSFLAGS = "    -DNDEBUG '-std=gnu++20' ";
				OTHER_LDFLAGS = (" -Wl,-search_paths_first -Wl,-headerpad_max_install_names",/usr/local/lib/libvulkan.dylib,/usr/local/lib/libMoltenVK.dylib,/opt/homebrew/Cellar/glfw/3.3.8/lib/libglfw.dylib,"$(inherited)");
				OTHER_REZFLAGS = "";
				PRODUCT_NAME = LearnVulkan_3;
				SECTORDER_FLAGS = "";
				TARGET_TEMP_DIR = "/Users/bianchenyu/C++/LearnVulkan/LearnVulkan_3/build/LearnVulkan_3.build/$(CONFIGURATION)$(EFFECTIVE_PLATFORM_NAME)";
				USE_HEADERMAP = NO;
				WARNING_CFLAGS = ("$(inherited)");
			};
			name = MinSizeRel;
		};
		DD6F725B113B4825BD3A45DE /* RelWithDebInfo */ = {
			isa = XCBuildConfiguration;
			buildSettings = {
				ARCHS = arm64;
				ONLY_ACTIVE_ARCH = NO;
				SDKROOT = /Applications/Xcode.app/Contents/Developer/Platforms/MacOSX.platform/Developer/SDKs/MacOSX14.4.sdk;
				SYMROOT = "/Users/bianchenyu/C++/LearnVulkan/LearnVulkan_3/build";
			};
			name = RelWithDebInfo;
		};
		EEE9E34DB2A34A53B70FF521 /* MinSizeRel */ = {
			isa = XCBuildConfiguration;
			buildSettings = {
				ARCHS = arm64;
				ONLY_ACTIVE_ARCH = NO;
				SDKROOT = /Applications/Xcode.app/Contents/Developer/Platforms/MacOSX.platform/Developer/SDKs/MacOSX14.4.sdk;
				SYMROOT = "/Users/bianchenyu/C++/LearnVulkan/LearnVulkan_3/build";
			};
			name = MinSizeRel;
		};
		FD984C1AFE0E42E6A3A7BD60 /* Debug */ = {
			isa = XCBuildConfiguration;
			buildSettings = {
				ARCHS = arm64;
				COMBINE_HIDPI_IMAGES = YES;
				GCC_GENERATE_DEBUGGING_SYMBOLS = YES;
				GCC_INLINES_ARE_PRIVATE_EXTERN = NO;
				GCC_OPTIMIZATION_LEVEL = 0;
				GCC_PREPROCESSOR_DEFINITIONS = ("'CMAKE_INTDIR=\"$(CONFIGURATION)$(EFFECTIVE_PLATFORM_NAME)\"'","$(inherited)");
				GCC_SYMBOLS_PRIVATE_EXTERN = NO;
				INSTALL_PATH = "";
				ONLY_ACTIVE_ARCH = NO;
				OTHER_LDFLAGS = ("","$(inherited)");
				OTHER_REZFLAGS = "";
				PRODUCT_NAME = ALL_BUILD;
				SECTORDER_FLAGS = "";
				USE_HEADERMAP = NO;
				WARNING_CFLAGS = ("$(inherited)");
			};
			name = Debug;
		};
/* End XCBuildConfiguration section */

/* Begin XCConfigurationList section */
		2B78081A31AD4132A3986385 /* Build configuration list for PBXAggregateTarget "ALL_BUILD" */ = {
			isa = XCConfigurationList;
			buildConfigurations = (
				FD984C1AFE0E42E6A3A7BD60 /* Debug */,
				A958B20AC5684C0EBFBCC700 /* Release */,
				2D758067143048B3A17F7E73 /* MinSizeRel */,
				78F01B5E6CA945B9BF7FB337 /* RelWithDebInfo */,
			);
			defaultConfigurationIsVisible = 0;
			defaultConfigurationName = Debug;
		};
		2C4B51CB21324371BCD83AA5 /* Build configuration list for PBXAggregateTarget "ZERO_CHECK" */ = {
			isa = XCConfigurationList;
			buildConfigurations = (
				77027AA601264AFDA54B5BD4 /* Debug */,
				779E1A070D714AEF8626D414 /* Release */,
				9798D924F93A4C0EBCE5F3CF /* MinSizeRel */,
				843B881DE7EC4F28BBCC08AC /* RelWithDebInfo */,
			);
			defaultConfigurationIsVisible = 0;
			defaultConfigurationName = Debug;
		};
		6F6D230DAF2942A3A830E8B0 /* Build configuration list for PBXNativeTarget "LearnVulkan_3" */ = {
			isa = XCConfigurationList;
			buildConfigurations = (
				804B9B8E86E64130B01BEF39 /* Debug */,
				8B0D1862FF8A42FDB6B7E2C7 /* Release */,
				C8E9B3895E754F4F801A948D /* MinSizeRel */,
				4F569E6E6BAE46888C58F6D0 /* RelWithDebInfo */,
			);
			defaultConfigurationIsVisible = 0;
			defaultConfigurationName = Debug;
		};
		E9F7DDDD55464A9786E27D02 /* Build configuration list for PBXProject "LearnVulkan_3" */ = {
			isa = XCConfigurationList;
			buildConfigurations = (
				234E94E02F9B48E2854E0E9C /* Debug */,
				C7D58FD65DBD49E1A4EEDA9B /* Release */,
				EEE9E34DB2A34A53B70FF521 /* MinSizeRel */,
				DD6F725B113B4825BD3A45DE /* RelWithDebInfo */,
			);
			defaultConfigurationIsVisible = 0;
			defaultConfigurationName = Debug;
		};
/* End XCConfigurationList section */
	};
	rootObject = 1B7CFA5400D1469988CC3986 /* Project object */;
}
