// !$*UTF8*$!
{
	archiveVersion = 1;
	classes = {
	};
	objectVersion = 56;
	objects = {

/* Begin PBXBuildFile section */
		5B6798DE2BD38E0C002BFD72 /* main.cpp in Sources */ = {isa = PBXBuildFile; fileRef = 5B6798DD2BD38E0C002BFD72 /* main.cpp */; };
		5B6798E62BD38EF2002BFD72 /* libvulkan.1.3.280.dylib in Frameworks */ = {isa = PBXBuildFile; fileRef = 5B6798E52BD38EF2002BFD72 /* libvulkan.1.3.280.dylib */; };
		5B6798E82BD39022002BFD72 /* libglfw.3.3.dylib in Frameworks */ = {isa = PBXBuildFile; fileRef = 5B6798E72BD39022002BFD72 /* libglfw.3.3.dylib */; };
		5B6798EA2BD39090002BFD72 /* libvulkan.1.3.280.dylib in CopyFiles */ = {isa = PBXBuildFile; fileRef = 5B6798E52BD38EF2002BFD72 /* libvulkan.1.3.280.dylib */; settings = {ATTRIBUTES = (CodeSignOnCopy, ); }; };
		5B6798EF2BD392E8002BFD72 /* libglfw.3.3.dylib in CopyFiles */ = {isa = PBXBuildFile; fileRef = 5B6798E72BD39022002BFD72 /* libglfw.3.3.dylib */; settings = {ATTRIBUTES = (CodeSignOnCopy, ); }; };
		5B6798F02BD39340002BFD72 /* libvulkan.1.dylib in Frameworks */ = {isa = PBXBuildFile; fileRef = 5B6798EB2BD3926E002BFD72 /* libvulkan.1.dylib */; };
		5B6798F22BD39386002BFD72 /* libvulkan.1.dylib in CopyFiles */ = {isa = PBXBuildFile; fileRef = 5B6798EB2BD3926E002BFD72 /* libvulkan.1.dylib */; settings = {ATTRIBUTES = (CodeSignOnCopy, ); }; };
/* End PBXBuildFile section */

/* Begin PBXCopyFilesBuildPhase section */
		5B6798D82BD38E0C002BFD72 /* CopyFiles */ = {
			isa = PBXCopyFilesBuildPhase;
			buildActionMask = 12;
			dstPath = "";
			dstSubfolderSpec = 10;
			files = (
				5B6798F22BD39386002BFD72 /* libvulkan.1.dylib in CopyFiles */,
				5B6798EA2BD39090002BFD72 /* libvulkan.1.3.280.dylib in CopyFiles */,
				5B6798EF2BD392E8002BFD72 /* libglfw.3.3.dylib in CopyFiles */,
			);
			runOnlyForDeploymentPostprocessing = 0;
		};
/* End PBXCopyFilesBuildPhase section */

/* Begin PBXFileReference section */
		5B6798DA2BD38E0C002BFD72 /* LearnVulkan_1 */ = {isa = PBXFileReference; explicitFileType = "compiled.mach-o.executable"; includeInIndex = 0; path = LearnVulkan_1; sourceTree = BUILT_PRODUCTS_DIR; };
		5B6798DD2BD38E0C002BFD72 /* main.cpp */ = {isa = PBXFileReference; lastKnownFileType = sourcecode.cpp.cpp; path = main.cpp; sourceTree = "<group>"; };
		5B6798E52BD38EF2002BFD72 /* libvulkan.1.3.280.dylib */ = {isa = PBXFileReference; lastKnownFileType = "compiled.mach-o.dylib"; name = libvulkan.1.3.280.dylib; path = ../../../VulkanSDK/1.3.280.0/macOS/lib/libvulkan.1.3.280.dylib; sourceTree = "<group>"; };
		5B6798E72BD39022002BFD72 /* libglfw.3.3.dylib */ = {isa = PBXFileReference; lastKnownFileType = "compiled.mach-o.dylib"; name = libglfw.3.3.dylib; path = ../../../../../opt/homebrew/Cellar/glfw/3.3.8/lib/libglfw.3.3.dylib; sourceTree = "<group>"; };
		5B6798EB2BD3926E002BFD72 /* libvulkan.1.dylib */ = {isa = PBXFileReference; lastKnownFileType = "compiled.mach-o.dylib"; name = libvulkan.1.dylib; path = ../../../VulkanSDK/1.3.280.0/macOS/lib/libvulkan.1.dylib; sourceTree = "<group>"; };
/* End PBXFileReference section */

/* Begin PBXFrameworksBuildPhase section */
		5B6798D72BD38E0C002BFD72 /* Frameworks */ = {
			isa = PBXFrameworksBuildPhase;
			buildActionMask = 2147483647;
			files = (
				5B6798E62BD38EF2002BFD72 /* libvulkan.1.3.280.dylib in Frameworks */,
				5B6798E82BD39022002BFD72 /* libglfw.3.3.dylib in Frameworks */,
				5B6798F02BD39340002BFD72 /* libvulkan.1.dylib in Frameworks */,
			);
			runOnlyForDeploymentPostprocessing = 0;
		};
/* End PBXFrameworksBuildPhase section */

/* Begin PBXGroup section */
		5B6798D12BD38E0C002BFD72 = {
			isa = PBXGroup;
			children = (
				5B6798DC2BD38E0C002BFD72 /* LearnVulkan_1 */,
				5B6798DB2BD38E0C002BFD72 /* Products */,
				5B6798E42BD38EF1002BFD72 /* Frameworks */,
			);
			sourceTree = "<group>";
		};
		5B6798DB2BD38E0C002BFD72 /* Products */ = {
			isa = PBXGroup;
			children = (
				5B6798DA2BD38E0C002BFD72 /* LearnVulkan_1 */,
			);
			name = Products;
			sourceTree = "<group>";
		};
		5B6798DC2BD38E0C002BFD72 /* LearnVulkan_1 */ = {
			isa = PBXGroup;
			children = (
				5B6798DD2BD38E0C002BFD72 /* main.cpp */,
			);
			path = LearnVulkan_1;
			sourceTree = "<group>";
		};
		5B6798E42BD38EF1002BFD72 /* Frameworks */ = {
			isa = PBXGroup;
			children = (
				5B6798EB2BD3926E002BFD72 /* libvulkan.1.dylib */,
				5B6798E72BD39022002BFD72 /* libglfw.3.3.dylib */,
				5B6798E52BD38EF2002BFD72 /* libvulkan.1.3.280.dylib */,
			);
			name = Frameworks;
			sourceTree = "<group>";
		};
/* End PBXGroup section */

/* Begin PBXNativeTarget section */
		5B6798D92BD38E0C002BFD72 /* LearnVulkan_1 */ = {
			isa = PBXNativeTarget;
			buildConfigurationList = 5B6798E12BD38E0C002BFD72 /* Build configuration list for PBXNativeTarget "LearnVulkan_1" */;
			buildPhases = (
				5B6798D62BD38E0C002BFD72 /* Sources */,
				5B6798D72BD38E0C002BFD72 /* Frameworks */,
				5B6798D82BD38E0C002BFD72 /* CopyFiles */,
			);
			buildRules = (
			);
			dependencies = (
			);
			name = LearnVulkan_1;
			productName = LearnVulkan_1;
			productReference = 5B6798DA2BD38E0C002BFD72 /* LearnVulkan_1 */;
			productType = "com.apple.product-type.tool";
		};
/* End PBXNativeTarget section */

/* Begin PBXProject section */
		5B6798D22BD38E0C002BFD72 /* Project object */ = {
			isa = PBXProject;
			attributes = {
				BuildIndependentTargetsInParallel = 1;
				LastUpgradeCheck = 1530;
				TargetAttributes = {
					5B6798D92BD38E0C002BFD72 = {
						CreatedOnToolsVersion = 15.3;
					};
				};
			};
			buildConfigurationList = 5B6798D52BD38E0C002BFD72 /* Build configuration list for PBXProject "LearnVulkan_1" */;
			compatibilityVersion = "Xcode 14.0";
			developmentRegion = en;
			hasScannedForEncodings = 0;
			knownRegions = (
				en,
				Base,
			);
			mainGroup = 5B6798D12BD38E0C002BFD72;
			productRefGroup = 5B6798DB2BD38E0C002BFD72 /* Products */;
			projectDirPath = "";
			projectRoot = "";
			targets = (
				5B6798D92BD38E0C002BFD72 /* LearnVulkan_1 */,
			);
		};
/* End PBXProject section */

/* Begin PBXSourcesBuildPhase section */
		5B6798D62BD38E0C002BFD72 /* Sources */ = {
			isa = PBXSourcesBuildPhase;
			buildActionMask = 2147483647;
			files = (
				5B6798DE2BD38E0C002BFD72 /* main.cpp in Sources */,
			);
			runOnlyForDeploymentPostprocessing = 0;
		};
/* End PBXSourcesBuildPhase section */

/* Begin XCBuildConfiguration section */
		5B6798DF2BD38E0C002BFD72 /* Debug */ = {
			isa = XCBuildConfiguration;
			buildSettings = {
				ALWAYS_SEARCH_USER_PATHS = NO;
				ASSETCATALOG_COMPILER_GENERATE_SWIFT_ASSET_SYMBOL_EXTENSIONS = YES;
				CLANG_ANALYZER_NONNULL = YES;
				CLANG_ANALYZER_NUMBER_OBJECT_CONVERSION = YES_AGGRESSIVE;
				CLANG_CXX_LANGUAGE_STANDARD = "gnu++20";
				CLANG_ENABLE_MODULES = YES;
				CLANG_ENABLE_OBJC_ARC = YES;
				CLANG_ENABLE_OBJC_WEAK = YES;
				CLANG_WARN_BLOCK_CAPTURE_AUTORELEASING = YES;
				CLANG_WARN_BOOL_CONVERSION = YES;
				CLANG_WARN_COMMA = YES;
				CLANG_WARN_CONSTANT_CONVERSION = YES;
				CLANG_WARN_DEPRECATED_OBJC_IMPLEMENTATIONS = YES;
				CLANG_WARN_DIRECT_OBJC_ISA_USAGE = YES_ERROR;
				CLANG_WARN_DOCUMENTATION_COMMENTS = YES;
				CLANG_WARN_EMPTY_BODY = YES;
				CLANG_WARN_ENUM_CONVERSION = YES;
				CLANG_WARN_INFINITE_RECURSION = YES;
				CLANG_WARN_INT_CONVERSION = YES;
				CLANG_WARN_NON_LITERAL_NULL_CONVERSION = YES;
				CLANG_WARN_OBJC_IMPLICIT_RETAIN_SELF = YES;
				CLANG_WARN_OBJC_LITERAL_CONVERSION = YES;
				CLANG_WARN_OBJC_ROOT_CLASS = YES_ERROR;
				CLANG_WARN_QUOTED_INCLUDE_IN_FRAMEWORK_HEADER = YES;
				CLANG_WARN_RANGE_LOOP_ANALYSIS = YES;
				CLANG_WARN_STRICT_PROTOTYPES = YES;
				CLANG_WARN_SUSPICIOUS_MOVE = YES;
				CLANG_WARN_UNGUARDED_AVAILABILITY = YES_AGGRESSIVE;
				CLANG_WARN_UNREACHABLE_CODE = YES;
				CLANG_WARN__DUPLICATE_METHOD_MATCH = YES;
				COPY_PHASE_STRIP = NO;
				DEBUG_INFORMATION_FORMAT = dwarf;
				ENABLE_STRICT_OBJC_MSGSEND = YES;
				ENABLE_TESTABILITY = YES;
				ENABLE_USER_SCRIPT_SANDBOXING = YES;
				GCC_C_LANGUAGE_STANDARD = gnu17;
				GCC_DYNAMIC_NO_PIC = NO;
				GCC_NO_COMMON_BLOCKS = YES;
				GCC_OPTIMIZATION_LEVEL = 0;
				GCC_PREPROCESSOR_DEFINITIONS = (
					"DEBUG=1",
					"$(inherited)",
				);
				GCC_WARN_64_TO_32_BIT_CONVERSION = YES;
				GCC_WARN_ABOUT_RETURN_TYPE = YES_ERROR;
				GCC_WARN_UNDECLARED_SELECTOR = YES;
				GCC_WARN_UNINITIALIZED_AUTOS = YES_AGGRESSIVE;
				GCC_WARN_UNUSED_FUNCTION = YES;
				GCC_WARN_UNUSED_VARIABLE = YES;
				LOCALIZATION_PREFERS_STRING_CATALOGS = YES;
				MACOSX_DEPLOYMENT_TARGET = 14.4;
				MTL_ENABLE_DEBUG_INFO = INCLUDE_SOURCE;
				MTL_FAST_MATH = YES;
				ONLY_ACTIVE_ARCH = YES;
				SDKROOT = macosx;
			};
			name = Debug;
		};
		5B6798E02BD38E0C002BFD72 /* Release */ = {
			isa = XCBuildConfiguration;
			buildSettings = {
				ALWAYS_SEARCH_USER_PATHS = NO;
				ASSETCATALOG_COMPILER_GENERATE_SWIFT_ASSET_SYMBOL_EXTENSIONS = YES;
				CLANG_ANALYZER_NONNULL = YES;
				CLANG_ANALYZER_NUMBER_OBJECT_CONVERSION = YES_AGGRESSIVE;
				CLANG_CXX_LANGUAGE_STANDARD = "gnu++20";
				CLANG_ENABLE_MODULES = YES;
				CLANG_ENABLE_OBJC_ARC = YES;
				CLANG_ENABLE_OBJC_WEAK = YES;
				CLANG_WARN_BLOCK_CAPTURE_AUTORELEASING = YES;
				CLANG_WARN_BOOL_CONVERSION = YES;
				CLANG_WARN_COMMA = YES;
				CLANG_WARN_CONSTANT_CONVERSION = YES;
				CLANG_WARN_DEPRECATED_OBJC_IMPLEMENTATIONS = YES;
				CLANG_WARN_DIRECT_OBJC_ISA_USAGE = YES_ERROR;
				CLANG_WARN_DOCUMENTATION_COMMENTS = YES;
				CLANG_WARN_EMPTY_BODY = YES;
				CLANG_WARN_ENUM_CONVERSION = YES;
				CLANG_WARN_INFINITE_RECURSION = YES;
				CLANG_WARN_INT_CONVERSION = YES;
				CLANG_WARN_NON_LITERAL_NULL_CONVERSION = YES;
				CLANG_WARN_OBJC_IMPLICIT_RETAIN_SELF = YES;
				CLANG_WARN_OBJC_LITERAL_CONVERSION = YES;
				CLANG_WARN_OBJC_ROOT_CLASS = YES_ERROR;
				CLANG_WARN_QUOTED_INCLUDE_IN_FRAMEWORK_HEADER = YES;
				CLANG_WARN_RANGE_LOOP_ANALYSIS = YES;
				CLANG_WARN_STRICT_PROTOTYPES = YES;
				CLANG_WARN_SUSPICIOUS_MOVE = YES;
				CLANG_WARN_UNGUARDED_AVAILABILITY = YES_AGGRESSIVE;
				CLANG_WARN_UNREACHABLE_CODE = YES;
				CLANG_WARN__DUPLICATE_METHOD_MATCH = YES;
				COPY_PHASE_STRIP = NO;
				DEBUG_INFORMATION_FORMAT = "dwarf-with-dsym";
				ENABLE_NS_ASSERTIONS = NO;
				ENABLE_STRICT_OBJC_MSGSEND = YES;
				ENABLE_USER_SCRIPT_SANDBOXING = YES;
				GCC_C_LANGUAGE_STANDARD = gnu17;
				GCC_NO_COMMON_BLOCKS = YES;
				GCC_WARN_64_TO_32_BIT_CONVERSION = YES;
				GCC_WARN_ABOUT_RETURN_TYPE = YES_ERROR;
				GCC_WARN_UNDECLARED_SELECTOR = YES;
				GCC_WARN_UNINITIALIZED_AUTOS = YES_AGGRESSIVE;
				GCC_WARN_UNUSED_FUNCTION = YES;
				GCC_WARN_UNUSED_VARIABLE = YES;
				LOCALIZATION_PREFERS_STRING_CATALOGS = YES;
				MACOSX_DEPLOYMENT_TARGET = 14.4;
				MTL_ENABLE_DEBUG_INFO = NO;
				MTL_FAST_MATH = YES;
				SDKROOT = macosx;
			};
			name = Release;
		};
		5B6798E22BD38E0C002BFD72 /* Debug */ = {
			isa = XCBuildConfiguration;
			buildSettings = {
				"CODE_SIGN_IDENTITY[sdk=macosx*]" = "Apple Development";
				CODE_SIGN_STYLE = Automatic;
				DEVELOPMENT_TEAM = 6QJ5VATN6R;
				ENABLE_HARDENED_RUNTIME = YES;
				HEADER_SEARCH_PATHS = (
					/usr/local/include,
					/Users/bianchenyu/VulkanSDK/1.3.280.0/macOS/include,
					/opt/homebrew/Cellar/glm/0.9.9.8/include/glm,
					/opt/homebrew/Cellar/glfw/3.3.8/include/GLFW,
				);
				LIBRARY_SEARCH_PATHS = (
					/usr/local/lib,
					/Users/bianchenyu/VulkanSDK/1.3.280.0/macOS/lib,
					/opt/homebrew/Cellar/glfw/3.3.8/lib,
				);
				PRODUCT_NAME = "$(TARGET_NAME)";
			};
			name = Debug;
		};
		5B6798E32BD38E0C002BFD72 /* Release */ = {
			isa = XCBuildConfiguration;
			buildSettings = {
				"CODE_SIGN_IDENTITY[sdk=macosx*]" = "Apple Development";
				CODE_SIGN_STYLE = Automatic;
				DEVELOPMENT_TEAM = 6QJ5VATN6R;
				ENABLE_HARDENED_RUNTIME = YES;
				HEADER_SEARCH_PATHS = (
					/usr/local/include,
					/Users/bianchenyu/VulkanSDK/1.3.280.0/macOS/include,
					/opt/homebrew/Cellar/glm/0.9.9.8/include/glm,
					/opt/homebrew/Cellar/glfw/3.3.8/include/GLFW,
				);
				LIBRARY_SEARCH_PATHS = (
					/usr/local/lib,
					/Users/bianchenyu/VulkanSDK/1.3.280.0/macOS/lib,
					/opt/homebrew/Cellar/glfw/3.3.8/lib,
				);
				PRODUCT_NAME = "$(TARGET_NAME)";
			};
			name = Release;
		};
/* End XCBuildConfiguration section */

/* Begin XCConfigurationList section */
		5B6798D52BD38E0C002BFD72 /* Build configuration list for PBXProject "LearnVulkan_1" */ = {
			isa = XCConfigurationList;
			buildConfigurations = (
				5B6798DF2BD38E0C002BFD72 /* Debug */,
				5B6798E02BD38E0C002BFD72 /* Release */,
			);
			defaultConfigurationIsVisible = 0;
			defaultConfigurationName = Release;
		};
		5B6798E12BD38E0C002BFD72 /* Build configuration list for PBXNativeTarget "LearnVulkan_1" */ = {
			isa = XCConfigurationList;
			buildConfigurations = (
				5B6798E22BD38E0C002BFD72 /* Debug */,
				5B6798E32BD38E0C002BFD72 /* Release */,
			);
			defaultConfigurationIsVisible = 0;
			defaultConfigurationName = Release;
		};
/* End XCConfigurationList section */
	};
	rootObject = 5B6798D22BD38E0C002BFD72 /* Project object */;
}
